<?xml version="1.0" encoding="UTF-8" standalone="yes" ?>
<CodeBlocks_project_file>
	<FileVersion major="1" minor="6" />
	<Project>
		<Option title="1.4list" />
		<Option pch_mode="2" />
		<Option compiler="gcc" />
		<Build>
			<Target title="Debug">
				<Option output="bin/Debug/1.4list" prefix_auto="1" extension_auto="1" />
				<Option object_output="obj/Debug/" />
				<Option type="1" />
				<Option compiler="gcc" />
				<Compiler>
					<Add option="-g" />
				</Compiler>
			</Target>
			<Target title="Release">
				<Option output="bin/Release/1.4list" prefix_auto="1" extension_auto="1" />
				<Option object_output="obj/Release/" />
				<Option type="1" />
				<Option compiler="gcc" />
				<Compiler>
					<Add option="-O2" />
				</Compiler>
				<Linker>
					<Add option="-s" />
				</Linker>
			</Target>
		</Build>
		<Compiler>
			<Add option="-Wall" />
			<Add option="-fexceptions" />
		</Compiler>
		<Unit filename="Doxyfile" />
		<Unit filename="README.md" />
		<Unit filename="book.cpp" />
		<Unit filename="book.h" />
		<Unit filename="emptyList.txt" />
		<Unit filename="main.cpp" />
		<Unit filename="makefile" />
		<Unit filename="mediumList1.txt" />
		<Unit filename="mediumList2.txt" />
		<Unit filename="mediumList3.txt" />
		<Unit filename="mergeLists.cpp" />
		<Unit filename="readingList.cpp" />
		<Unit filename="readingList.h" />
		<Unit filename="sanityCheck.cpp" />
		<Unit filename="shortList1.txt" />
		<Unit filename="shortList2.txt" />
		<Unit filename="testReadingList.cpp" />
		<Unit filename="tinyList1.txt" />
		<Unit filename="tinyList2.txt" />
		<Unit filename="unittest.cpp" />
		<Unit filename="unittest.h" />
		<Extensions>
			<lib_finder disable_auto="1" />
		</Extensions>
	</Project>
</CodeBlocks_project_file>
